
Microsoft Visual Studio Solution File, Format Version 12.00
# Visual Studio Version 17
VisualStudioVersion = 17.7.34031.279
MinimumVisualStudioVersion = 10.0.40219.1
Project("{FAE04EC0-301F-11D3-BF4B-00C04F79EFBC}") = "EA1", "EA1\EA1.csproj", "{56FAD12E-7AAC-4F1B-BAF3-8FCC6D1D5BFC}"
EndProject
Project("{FAE04EC0-301F-11D3-BF4B-00C04F79EFBC}") = "ConsoleApp1", "ConsoleApp1\ConsoleApp1.csproj", "{E5A15338-A06C-4B2D-989A-D52572E10B34}"
EndProject
Global
	GlobalSection(SolutionConfigurationPlatforms) = preSolution
		Debug|Any CPU = Debug|Any CPU
		Release|Any CPU = Release|Any CPU
	EndGlobalSection
	GlobalSection(ProjectConfigurationPlatforms) = postSolution
		{56FAD12E-7AAC-4F1B-BAF3-8FCC6D1D5BFC}.Debug|Any CPU.ActiveCfg = Debug|Any CPU
		{56FAD12E-7AAC-4F1B-BAF3-8FCC6D1D5BFC}.Debug|Any CPU.Build.0 = Debug|Any CPU
		{56FAD12E-7AAC-4F1B-BAF3-8FCC6D1D5BFC}.Release|Any CPU.ActiveCfg = Release|Any CPU
		{56FAD12E-7AAC-4F1B-BAF3-8FCC6D1D5BFC}.Release|Any CPU.Build.0 = Release|Any CPU
		{E5A15338-A06C-4B2D-989A-D52572E10B34}.Debug|Any CPU.ActiveCfg = Debug|Any CPU
		{E5A15338-A06C-4B2D-989A-D52572E10B34}.Debug|Any CPU.Build.0 = Debug|Any CPU
		{E5A15338-A06C-4B2D-989A-D52572E10B34}.Release|Any CPU.ActiveCfg = Release|Any CPU
		{E5A15338-A06C-4B2D-989A-D52572E10B34}.Release|Any CPU.Build.0 = Release|Any CPU
	EndGlobalSection
	GlobalSection(SolutionProperties) = preSolution
		HideSolutionNode = FALSE
	EndGlobalSection
	GlobalSection(ExtensibilityGlobals) = postSolution
		SolutionGuid = {E6BFFBA0-6EB6-4362-9EB4-EC8BE8BBB220}
	EndGlobalSection
EndGlobal
