
Microsoft Visual Studio Solution File, Format Version 12.00
# Visual Studio Version 17
VisualStudioVersion = 17.7.34018.315
MinimumVisualStudioVersion = 10.0.40219.1
Project("{FAE04EC0-301F-11D3-BF4B-00C04F79EFBC}") = "ConsoleApp1", "ConsoleApp1\ConsoleApp1.csproj", "{DFEBE645-816E-48EF-B25A-1B76E6BB8A9A}"
EndProject
Global
	GlobalSection(SolutionConfigurationPlatforms) = preSolution
		Debug|Any CPU = Debug|Any CPU
		Release|Any CPU = Release|Any CPU
	EndGlobalSection
	GlobalSection(ProjectConfigurationPlatforms) = postSolution
		{DFEBE645-816E-48EF-B25A-1B76E6BB8A9A}.Debug|Any CPU.ActiveCfg = Debug|Any CPU
		{DFEBE645-816E-48EF-B25A-1B76E6BB8A9A}.Debug|Any CPU.Build.0 = Debug|Any CPU
		{DFEBE645-816E-48EF-B25A-1B76E6BB8A9A}.Release|Any CPU.ActiveCfg = Release|Any CPU
		{DFEBE645-816E-48EF-B25A-1B76E6BB8A9A}.Release|Any CPU.Build.0 = Release|Any CPU
	EndGlobalSection
	GlobalSection(SolutionProperties) = preSolution
		HideSolutionNode = FALSE
	EndGlobalSection
	GlobalSection(ExtensibilityGlobals) = postSolution
		SolutionGuid = {2CCBC094-0496-4D0F-A5D1-CB81A8120C13}
	EndGlobalSection
EndGlobal
